
Microsoft Visual Studio Solution File, Format Version 12.00
# Visual Studio 15
VisualStudioVersion = 15.0.27703.2042
MinimumVisualStudioVersion = 10.0.40219.1
Project("{8BC9CEB8-8B4A-11D0-8D11-00A0C91BC942}") = "Les01", "Les01\Les01.vcxproj", "{EF237AB4-D9B1-47AA-A9FF-678EA09B6B31}"
EndProject
Global
	GlobalSection(SolutionConfigurationPlatforms) = preSolution
		Debug|x64 = Debug|x64
		Debug|x86 = Debug|x86
		Release|x64 = Release|x64
		Release|x86 = Release|x86
	EndGlobalSection
	GlobalSection(ProjectConfigurationPlatforms) = postSolution
		{EF237AB4-D9B1-47AA-A9FF-678EA09B6B31}.Debug|x64.ActiveCfg = Debug|x64
		{EF237AB4-D9B1-47AA-A9FF-678EA09B6B31}.Debug|x64.Build.0 = Debug|x64
		{EF237AB4-D9B1-47AA-A9FF-678EA09B6B31}.Debug|x86.ActiveCfg = Debug|Win32
		{EF237AB4-D9B1-47AA-A9FF-678EA09B6B31}.Debug|x86.Build.0 = Debug|Win32
		{EF237AB4-D9B1-47AA-A9FF-678EA09B6B31}.Release|x64.ActiveCfg = Release|x64
		{EF237AB4-D9B1-47AA-A9FF-678EA09B6B31}.Release|x64.Build.0 = Release|x64
		{EF237AB4-D9B1-47AA-A9FF-678EA09B6B31}.Release|x86.ActiveCfg = Release|Win32
		{EF237AB4-D9B1-47AA-A9FF-678EA09B6B31}.Release|x86.Build.0 = Release|Win32
	EndGlobalSection
	GlobalSection(SolutionProperties) = preSolution
		HideSolutionNode = FALSE
	EndGlobalSection
	GlobalSection(ExtensibilityGlobals) = postSolution
		SolutionGuid = {F52E3700-893B-44A7-B813-AAB9A28C4A10}
	EndGlobalSection
EndGlobal
